
Microsoft Visual Studio Solution File, Format Version 12.00
# Visual Studio Version 16
VisualStudioVersion = 16.0.31624.102
MinimumVisualStudioVersion = 10.0.40219.1
Project("{FAE04EC0-301F-11D3-BF4B-00C04F79EFBC}") = "01-ByteBank", "01-ByteBank\01-ByteBank.csproj", "{61C196CF-282C-4894-9F7F-A474F1DA1BFE}"
EndProject
Project("{FAE04EC0-301F-11D3-BF4B-00C04F79EFBC}") = "02-ByteBank", "02-ByteBank\02-ByteBank.csproj", "{C8E38269-05A6-4E7E-9E7A-7819CAA20495}"
EndProject
Project("{FAE04EC0-301F-11D3-BF4B-00C04F79EFBC}") = "03-ByteBank", "03-ByteBank\03-ByteBank.csproj", "{A437C9ED-AD15-4843-AA0C-997BE9A7D73F}"
EndProject
Project("{FAE04EC0-301F-11D3-BF4B-00C04F79EFBC}") = "04-ByteBank", "04-ByteBank\04-ByteBank.csproj", "{C7949CB7-2F03-49C2-8B31-79F8900F32E4}"
EndProject
Project("{FAE04EC0-301F-11D3-BF4B-00C04F79EFBC}") = "05-ByteBanck", "05-ByteBanck\05-ByteBanck.csproj", "{0934AE0D-A765-4863-94F8-06EF17E44187}"
EndProject
Project("{FAE04EC0-301F-11D3-BF4B-00C04F79EFBC}") = "06-ByteBank", "06-ByteBank\06-ByteBank.csproj", "{C9E2A5BA-3BAA-475A-A288-E55CAC3BE7E0}"
EndProject
Global
	GlobalSection(SolutionConfigurationPlatforms) = preSolution
		Debug|Any CPU = Debug|Any CPU
		Release|Any CPU = Release|Any CPU
	EndGlobalSection
	GlobalSection(ProjectConfigurationPlatforms) = postSolution
		{61C196CF-282C-4894-9F7F-A474F1DA1BFE}.Debug|Any CPU.ActiveCfg = Debug|Any CPU
		{61C196CF-282C-4894-9F7F-A474F1DA1BFE}.Debug|Any CPU.Build.0 = Debug|Any CPU
		{61C196CF-282C-4894-9F7F-A474F1DA1BFE}.Release|Any CPU.ActiveCfg = Release|Any CPU
		{61C196CF-282C-4894-9F7F-A474F1DA1BFE}.Release|Any CPU.Build.0 = Release|Any CPU
		{C8E38269-05A6-4E7E-9E7A-7819CAA20495}.Debug|Any CPU.ActiveCfg = Debug|Any CPU
		{C8E38269-05A6-4E7E-9E7A-7819CAA20495}.Debug|Any CPU.Build.0 = Debug|Any CPU
		{C8E38269-05A6-4E7E-9E7A-7819CAA20495}.Release|Any CPU.ActiveCfg = Release|Any CPU
		{C8E38269-05A6-4E7E-9E7A-7819CAA20495}.Release|Any CPU.Build.0 = Release|Any CPU
		{A437C9ED-AD15-4843-AA0C-997BE9A7D73F}.Debug|Any CPU.ActiveCfg = Debug|Any CPU
		{A437C9ED-AD15-4843-AA0C-997BE9A7D73F}.Debug|Any CPU.Build.0 = Debug|Any CPU
		{A437C9ED-AD15-4843-AA0C-997BE9A7D73F}.Release|Any CPU.ActiveCfg = Release|Any CPU
		{A437C9ED-AD15-4843-AA0C-997BE9A7D73F}.Release|Any CPU.Build.0 = Release|Any CPU
		{C7949CB7-2F03-49C2-8B31-79F8900F32E4}.Debug|Any CPU.ActiveCfg = Debug|Any CPU
		{C7949CB7-2F03-49C2-8B31-79F8900F32E4}.Debug|Any CPU.Build.0 = Debug|Any CPU
		{C7949CB7-2F03-49C2-8B31-79F8900F32E4}.Release|Any CPU.ActiveCfg = Release|Any CPU
		{C7949CB7-2F03-49C2-8B31-79F8900F32E4}.Release|Any CPU.Build.0 = Release|Any CPU
		{0934AE0D-A765-4863-94F8-06EF17E44187}.Debug|Any CPU.ActiveCfg = Debug|Any CPU
		{0934AE0D-A765-4863-94F8-06EF17E44187}.Debug|Any CPU.Build.0 = Debug|Any CPU
		{0934AE0D-A765-4863-94F8-06EF17E44187}.Release|Any CPU.ActiveCfg = Release|Any CPU
		{0934AE0D-A765-4863-94F8-06EF17E44187}.Release|Any CPU.Build.0 = Release|Any CPU
		{C9E2A5BA-3BAA-475A-A288-E55CAC3BE7E0}.Debug|Any CPU.ActiveCfg = Debug|Any CPU
		{C9E2A5BA-3BAA-475A-A288-E55CAC3BE7E0}.Debug|Any CPU.Build.0 = Debug|Any CPU
		{C9E2A5BA-3BAA-475A-A288-E55CAC3BE7E0}.Release|Any CPU.ActiveCfg = Release|Any CPU
		{C9E2A5BA-3BAA-475A-A288-E55CAC3BE7E0}.Release|Any CPU.Build.0 = Release|Any CPU
	EndGlobalSection
	GlobalSection(SolutionProperties) = preSolution
		HideSolutionNode = FALSE
	EndGlobalSection
	GlobalSection(ExtensibilityGlobals) = postSolution
		SolutionGuid = {9B78F79D-10A8-4B6A-9095-64E3BCFBEEF8}
	EndGlobalSection
EndGlobal
